# litman-bench fixture checksums (sha256sum format). Commit this file.
# regenerate with: python fetch_fixtures.py --write-lock
a240c4346b6c3af07bd02ade3ad26125c09e9c1fb8165a772f865fe63252c17f  1.pdf
c117a404af5bd6c7c0cfc1a2fcfcd67616be988e5e5aafd68cf0b15920899b3a  2.pdf
6333dbb27ae5b908090c4af94cd55c40396b599ff5b948815540cf1e02c881ec  3.pdf
394950b5e941c06438cf4fe62a24d56522a759f1513c8ab8dae9ab5ea3e4c2f8  4.pdf
aadc7e57fd73b12558b2cd207b62f8839c0d6bfd4b456eacb44e8d88e94d8943  5.pdf
11c613f1801a1b7667cad2bac593d2a964b97b6e0d5c8782a280c9f286e62076  6.pdf
149c4de46ffab4f238464c4a545514ac458f63da64a35a6991938f426a938998  7.pdf
fd1729f1ad209c2df94c02aa926e7d22f12d2882cc5b5e847ceddf4d9df7ad39  8.pdf
2b6f0039a750c3c79d9f22c542abbb61ec92a84e31cea4f98553c055e2074efb  9.pdf
7f0456bc78921df5d2cd72f78fa6c7f3f1e644799f0a4d2d68f014a14ac0e8e5  10.pdf
